
Microsoft Visual Studio Solution File, Format Version 12.00
# Visual Studio Version 17
VisualStudioVersion = 17.4.33213.308
MinimumVisualStudioVersion = 10.0.40219.1
Project("{FAE04EC0-301F-11D3-BF4B-00C04F79EFBC}") = "StudyrpcService", "StudyrpcService\StudyrpcService.csproj", "{5A9D7934-E1A4-4892-BEF3-25CEB72C4909}"
EndProject
Project("{FAE04EC0-301F-11D3-BF4B-00C04F79EFBC}") = "rpcClient", "rpcClient\rpcClient.csproj", "{1693B474-26F1-42A9-8E1D-9C1E47FC4D28}"
EndProject
Global
	GlobalSection(SolutionConfigurationPlatforms) = preSolution
		Debug|Any CPU = Debug|Any CPU
		Release|Any CPU = Release|Any CPU
	EndGlobalSection
	GlobalSection(ProjectConfigurationPlatforms) = postSolution
		{5A9D7934-E1A4-4892-BEF3-25CEB72C4909}.Debug|Any CPU.ActiveCfg = Debug|Any CPU
		{5A9D7934-E1A4-4892-BEF3-25CEB72C4909}.Debug|Any CPU.Build.0 = Debug|Any CPU
		{5A9D7934-E1A4-4892-BEF3-25CEB72C4909}.Release|Any CPU.ActiveCfg = Release|Any CPU
		{5A9D7934-E1A4-4892-BEF3-25CEB72C4909}.Release|Any CPU.Build.0 = Release|Any CPU
		{1693B474-26F1-42A9-8E1D-9C1E47FC4D28}.Debug|Any CPU.ActiveCfg = Debug|Any CPU
		{1693B474-26F1-42A9-8E1D-9C1E47FC4D28}.Debug|Any CPU.Build.0 = Debug|Any CPU
		{1693B474-26F1-42A9-8E1D-9C1E47FC4D28}.Release|Any CPU.ActiveCfg = Release|Any CPU
		{1693B474-26F1-42A9-8E1D-9C1E47FC4D28}.Release|Any CPU.Build.0 = Release|Any CPU
	EndGlobalSection
	GlobalSection(SolutionProperties) = preSolution
		HideSolutionNode = FALSE
	EndGlobalSection
	GlobalSection(ExtensibilityGlobals) = postSolution
		SolutionGuid = {40727AF7-C7CA-4970-BA35-1F54CC842163}
	EndGlobalSection
EndGlobal
